
Microsoft Visual Studio Solution File, Format Version 12.00
# Visual Studio 15
VisualStudioVersion = 15.0.28307.329
MinimumVisualStudioVersion = 10.0.40219.1
Project("{FAE04EC0-301F-11D3-BF4B-00C04F79EFBC}") = "NotesSimulator", "NotesSimulator\NotesSimulator.csproj", "{3B986E6C-12C4-49E8-AB73-A08C7C7DCF41}"
	ProjectSection(ProjectDependencies) = postProject
		{C723F735-086A-4DC9-BFB2-A67E29B42DA2} = {C723F735-086A-4DC9-BFB2-A67E29B42DA2}
	EndProjectSection
EndProject
Project("{FAE04EC0-301F-11D3-BF4B-00C04F79EFBC}") = "DBModels", "DBModels\DBModels.csproj", "{ADA1705D-F206-4131-B124-505A9ADC6A21}"
EndProject
Project("{FAE04EC0-301F-11D3-BF4B-00C04F79EFBC}") = "NotesWcfService", "NotesWcfService\NotesWcfService.csproj", "{C723F735-086A-4DC9-BFB2-A67E29B42DA2}"
EndProject
Project("{FAE04EC0-301F-11D3-BF4B-00C04F79EFBC}") = "Tools", "Tools\Tools.csproj", "{A491B18F-8904-4F95-9A31-3970782354E8}"
EndProject
Project("{FAE04EC0-301F-11D3-BF4B-00C04F79EFBC}") = "DBAdapter", "DBAdapter\DBAdapter.csproj", "{F7C8AD88-E697-4909-A64E-01F5E2024364}"
EndProject
Project("{FAE04EC0-301F-11D3-BF4B-00C04F79EFBC}") = "Managers", "Managers\Managers.csproj", "{AE0F9BA7-12D3-4683-AB0C-761A717578BA}"
EndProject
Project("{FAE04EC0-301F-11D3-BF4B-00C04F79EFBC}") = "ProviderTools", "ProviderTools\ProviderTools.csproj", "{6F040AAC-236F-4CAA-B47C-099A2CC5988A}"
EndProject
Project("{FAE04EC0-301F-11D3-BF4B-00C04F79EFBC}") = "Providers", "Providers\Providers.csproj", "{794019D1-11A5-4CA7-A585-A126D24C0F7C}"
EndProject
Global
	GlobalSection(SolutionConfigurationPlatforms) = preSolution
		Debug|Any CPU = Debug|Any CPU
		Release|Any CPU = Release|Any CPU
	EndGlobalSection
	GlobalSection(ProjectConfigurationPlatforms) = postSolution
		{3B986E6C-12C4-49E8-AB73-A08C7C7DCF41}.Debug|Any CPU.ActiveCfg = Debug|Any CPU
		{3B986E6C-12C4-49E8-AB73-A08C7C7DCF41}.Debug|Any CPU.Build.0 = Debug|Any CPU
		{3B986E6C-12C4-49E8-AB73-A08C7C7DCF41}.Release|Any CPU.ActiveCfg = Release|Any CPU
		{3B986E6C-12C4-49E8-AB73-A08C7C7DCF41}.Release|Any CPU.Build.0 = Release|Any CPU
		{ADA1705D-F206-4131-B124-505A9ADC6A21}.Debug|Any CPU.ActiveCfg = Debug|Any CPU
		{ADA1705D-F206-4131-B124-505A9ADC6A21}.Debug|Any CPU.Build.0 = Debug|Any CPU
		{ADA1705D-F206-4131-B124-505A9ADC6A21}.Release|Any CPU.ActiveCfg = Release|Any CPU
		{ADA1705D-F206-4131-B124-505A9ADC6A21}.Release|Any CPU.Build.0 = Release|Any CPU
		{C723F735-086A-4DC9-BFB2-A67E29B42DA2}.Debug|Any CPU.ActiveCfg = Debug|Any CPU
		{C723F735-086A-4DC9-BFB2-A67E29B42DA2}.Debug|Any CPU.Build.0 = Debug|Any CPU
		{C723F735-086A-4DC9-BFB2-A67E29B42DA2}.Release|Any CPU.ActiveCfg = Release|Any CPU
		{C723F735-086A-4DC9-BFB2-A67E29B42DA2}.Release|Any CPU.Build.0 = Release|Any CPU
		{A491B18F-8904-4F95-9A31-3970782354E8}.Debug|Any CPU.ActiveCfg = Debug|Any CPU
		{A491B18F-8904-4F95-9A31-3970782354E8}.Debug|Any CPU.Build.0 = Debug|Any CPU
		{A491B18F-8904-4F95-9A31-3970782354E8}.Release|Any CPU.ActiveCfg = Release|Any CPU
		{A491B18F-8904-4F95-9A31-3970782354E8}.Release|Any CPU.Build.0 = Release|Any CPU
		{F7C8AD88-E697-4909-A64E-01F5E2024364}.Debug|Any CPU.ActiveCfg = Debug|Any CPU
		{F7C8AD88-E697-4909-A64E-01F5E2024364}.Debug|Any CPU.Build.0 = Debug|Any CPU
		{F7C8AD88-E697-4909-A64E-01F5E2024364}.Release|Any CPU.ActiveCfg = Release|Any CPU
		{F7C8AD88-E697-4909-A64E-01F5E2024364}.Release|Any CPU.Build.0 = Release|Any CPU
		{AE0F9BA7-12D3-4683-AB0C-761A717578BA}.Debug|Any CPU.ActiveCfg = Debug|Any CPU
		{AE0F9BA7-12D3-4683-AB0C-761A717578BA}.Debug|Any CPU.Build.0 = Debug|Any CPU
		{AE0F9BA7-12D3-4683-AB0C-761A717578BA}.Release|Any CPU.ActiveCfg = Release|Any CPU
		{AE0F9BA7-12D3-4683-AB0C-761A717578BA}.Release|Any CPU.Build.0 = Release|Any CPU
		{6F040AAC-236F-4CAA-B47C-099A2CC5988A}.Debug|Any CPU.ActiveCfg = Debug|Any CPU
		{6F040AAC-236F-4CAA-B47C-099A2CC5988A}.Debug|Any CPU.Build.0 = Debug|Any CPU
		{6F040AAC-236F-4CAA-B47C-099A2CC5988A}.Release|Any CPU.ActiveCfg = Release|Any CPU
		{6F040AAC-236F-4CAA-B47C-099A2CC5988A}.Release|Any CPU.Build.0 = Release|Any CPU
		{794019D1-11A5-4CA7-A585-A126D24C0F7C}.Debug|Any CPU.ActiveCfg = Debug|Any CPU
		{794019D1-11A5-4CA7-A585-A126D24C0F7C}.Debug|Any CPU.Build.0 = Debug|Any CPU
		{794019D1-11A5-4CA7-A585-A126D24C0F7C}.Release|Any CPU.ActiveCfg = Release|Any CPU
		{794019D1-11A5-4CA7-A585-A126D24C0F7C}.Release|Any CPU.Build.0 = Release|Any CPU
	EndGlobalSection
	GlobalSection(SolutionProperties) = preSolution
		HideSolutionNode = FALSE
	EndGlobalSection
	GlobalSection(ExtensibilityGlobals) = postSolution
		SolutionGuid = {FBB9A4A8-42B0-4D61-BBB4-AC9F1425B503}
	EndGlobalSection
EndGlobal
